
Microsoft Visual Studio Solution File, Format Version 12.00
# Visual Studio Version 17
VisualStudioVersion = 17.5.33424.131
MinimumVisualStudioVersion = 10.0.40219.1
Project("{FAE04EC0-301F-11D3-BF4B-00C04F79EFBC}") = "Bai 46", "Bai 46.csproj", "{FA9856AA-DC79-48BA-B15F-2E545EF5F9DC}"
EndProject
Global
	GlobalSection(SolutionConfigurationPlatforms) = preSolution
		Debug|Any CPU = Debug|Any CPU
		Release|Any CPU = Release|Any CPU
	EndGlobalSection
	GlobalSection(ProjectConfigurationPlatforms) = postSolution
		{FA9856AA-DC79-48BA-B15F-2E545EF5F9DC}.Debug|Any CPU.ActiveCfg = Debug|Any CPU
		{FA9856AA-DC79-48BA-B15F-2E545EF5F9DC}.Debug|Any CPU.Build.0 = Debug|Any CPU
		{FA9856AA-DC79-48BA-B15F-2E545EF5F9DC}.Release|Any CPU.ActiveCfg = Release|Any CPU
		{FA9856AA-DC79-48BA-B15F-2E545EF5F9DC}.Release|Any CPU.Build.0 = Release|Any CPU
	EndGlobalSection
	GlobalSection(SolutionProperties) = preSolution
		HideSolutionNode = FALSE
	EndGlobalSection
	GlobalSection(ExtensibilityGlobals) = postSolution
		SolutionGuid = {A1579550-34A1-42EC-8E1E-E810370661F9}
	EndGlobalSection
EndGlobal
