
Microsoft Visual Studio Solution File, Format Version 12.00
# Visual Studio Version 17
VisualStudioVersion = 17.5.33424.131
MinimumVisualStudioVersion = 10.0.40219.1
Project("{FAE04EC0-301F-11D3-BF4B-00C04F79EFBC}") = "Bai 51", "Bai 51.csproj", "{2DE2210E-0C91-4E32-8689-79C4DF1A6C57}"
EndProject
Global
	GlobalSection(SolutionConfigurationPlatforms) = preSolution
		Debug|Any CPU = Debug|Any CPU
		Release|Any CPU = Release|Any CPU
	EndGlobalSection
	GlobalSection(ProjectConfigurationPlatforms) = postSolution
		{2DE2210E-0C91-4E32-8689-79C4DF1A6C57}.Debug|Any CPU.ActiveCfg = Debug|Any CPU
		{2DE2210E-0C91-4E32-8689-79C4DF1A6C57}.Debug|Any CPU.Build.0 = Debug|Any CPU
		{2DE2210E-0C91-4E32-8689-79C4DF1A6C57}.Release|Any CPU.ActiveCfg = Release|Any CPU
		{2DE2210E-0C91-4E32-8689-79C4DF1A6C57}.Release|Any CPU.Build.0 = Release|Any CPU
	EndGlobalSection
	GlobalSection(SolutionProperties) = preSolution
		HideSolutionNode = FALSE
	EndGlobalSection
	GlobalSection(ExtensibilityGlobals) = postSolution
		SolutionGuid = {DB7EA203-0DF1-4EA3-9FE8-A4988CE3608F}
	EndGlobalSection
EndGlobal
