
Microsoft Visual Studio Solution File, Format Version 12.00
# Visual Studio Version 17
VisualStudioVersion = 17.5.33424.131
MinimumVisualStudioVersion = 10.0.40219.1
Project("{FAE04EC0-301F-11D3-BF4B-00C04F79EFBC}") = "Bai 62", "Bai 62.csproj", "{1C21D2F8-ED08-4D80-B795-6346090E3EB0}"
EndProject
Global
	GlobalSection(SolutionConfigurationPlatforms) = preSolution
		Debug|Any CPU = Debug|Any CPU
		Release|Any CPU = Release|Any CPU
	EndGlobalSection
	GlobalSection(ProjectConfigurationPlatforms) = postSolution
		{1C21D2F8-ED08-4D80-B795-6346090E3EB0}.Debug|Any CPU.ActiveCfg = Debug|Any CPU
		{1C21D2F8-ED08-4D80-B795-6346090E3EB0}.Debug|Any CPU.Build.0 = Debug|Any CPU
		{1C21D2F8-ED08-4D80-B795-6346090E3EB0}.Release|Any CPU.ActiveCfg = Release|Any CPU
		{1C21D2F8-ED08-4D80-B795-6346090E3EB0}.Release|Any CPU.Build.0 = Release|Any CPU
	EndGlobalSection
	GlobalSection(SolutionProperties) = preSolution
		HideSolutionNode = FALSE
	EndGlobalSection
	GlobalSection(ExtensibilityGlobals) = postSolution
		SolutionGuid = {DB287DB3-CA27-4F0C-9205-99FFB9E91B5F}
	EndGlobalSection
EndGlobal
